// !$*UTF8*$!
{
	archiveVersion = 1;
	classes = {
	};
	objectVersion = 46;
	objects = {

/* Begin PBXBuildFile section */
		F10B29A31DDD85CB00E5E4CE /* main.m in Sources */ = {isa = PBXBuildFile; fileRef = F10B29A21DDD85CB00E5E4CE /* main.m */; };
		F10B29A61DDD85CB00E5E4CE /* AppDelegate.m in Sources */ = {isa = PBXBuildFile; fileRef = F10B29A51DDD85CB00E5E4CE /* AppDelegate.m */; };
		F10B29A91DDD85CB00E5E4CE /* ViewController.m in Sources */ = {isa = PBXBuildFile; fileRef = F10B29A81DDD85CB00E5E4CE /* ViewController.m */; };
		F10B29AC1DDD85CB00E5E4CE /* Main.storyboard in Resources */ = {isa = PBXBuildFile; fileRef = F10B29AA1DDD85CB00E5E4CE /* Main.storyboard */; };
		F10B29AE1DDD85CB00E5E4CE /* Assets.xcassets in Resources */ = {isa = PBXBuildFile; fileRef = F10B29AD1DDD85CB00E5E4CE /* Assets.xcassets */; };
		F10B29B11DDD85CB00E5E4CE /* LaunchScreen.storyboard in Resources */ = {isa = PBXBuildFile; fileRef = F10B29AF1DDD85CB00E5E4CE /* LaunchScreen.storyboard */; };
		F10B29BC1DDD85CB00E5E4CE /* RedPackageTests.m in Sources */ = {isa = PBXBuildFile; fileRef = F10B29BB1DDD85CB00E5E4CE /* RedPackageTests.m */; };
		F10B29C71DDD85CB00E5E4CE /* RedPackageUITests.m in Sources */ = {isa = PBXBuildFile; fileRef = F10B29C61DDD85CB00E5E4CE /* RedPackageUITests.m */; };
		F10B29D81DDD88CF00E5E4CE /* SendRedPackagewController.m in Sources */ = {isa = PBXBuildFile; fileRef = F10B29D61DDD88CF00E5E4CE /* SendRedPackagewController.m */; };
		F129EC571DDEACD700D5E9FF /* OpenRedPacketViewController.m in Sources */ = {isa = PBXBuildFile; fileRef = F129EC561DDEACD700D5E9FF /* OpenRedPacketViewController.m */; };
		F129EC6A1DDEB13C00D5E9FF /* LuckyRedPacketViewController.m in Sources */ = {isa = PBXBuildFile; fileRef = F129EC651DDEB13C00D5E9FF /* LuckyRedPacketViewController.m */; };
		F129EC6B1DDEB13C00D5E9FF /* LuckyRedPacketViewController.xib in Resources */ = {isa = PBXBuildFile; fileRef = F129EC661DDEB13C00D5E9FF /* LuckyRedPacketViewController.xib */; };
		F129EC6C1DDEB13C00D5E9FF /* UnluckyRedPacketViewController.m in Sources */ = {isa = PBXBuildFile; fileRef = F129EC681DDEB13C00D5E9FF /* UnluckyRedPacketViewController.m */; };
		F129EC6D1DDEB13C00D5E9FF /* UnluckyRedPacketViewController.xib in Resources */ = {isa = PBXBuildFile; fileRef = F129EC691DDEB13C00D5E9FF /* UnluckyRedPacketViewController.xib */; };
/* End PBXBuildFile section */

/* Begin PBXContainerItemProxy section */
		F10B29B81DDD85CB00E5E4CE /* PBXContainerItemProxy */ = {
			isa = PBXContainerItemProxy;
			containerPortal = F10B29961DDD85CB00E5E4CE /* Project object */;
			proxyType = 1;
			remoteGlobalIDString = F10B299D1DDD85CB00E5E4CE;
			remoteInfo = RedPackage;
		};
		F10B29C31DDD85CB00E5E4CE /* PBXContainerItemProxy */ = {
			isa = PBXContainerItemProxy;
			containerPortal = F10B29961DDD85CB00E5E4CE /* Project object */;
			proxyType = 1;
			remoteGlobalIDString = F10B299D1DDD85CB00E5E4CE;
			remoteInfo = RedPackage;
		};
/* End PBXContainerItemProxy section */

/* Begin PBXFileReference section */
		F10B299E1DDD85CB00E5E4CE /* RedPackage.app */ = {isa = PBXFileReference; explicitFileType = wrapper.application; includeInIndex = 0; path = RedPackage.app; sourceTree = BUILT_PRODUCTS_DIR; };
		F10B29A21DDD85CB00E5E4CE /* main.m */ = {isa = PBXFileReference; lastKnownFileType = sourcecode.c.objc; path = main.m; sourceTree = "<group>"; };
		F10B29A41DDD85CB00E5E4CE /* AppDelegate.h */ = {isa = PBXFileReference; lastKnownFileType = sourcecode.c.h; path = AppDelegate.h; sourceTree = "<group>"; };
		F10B29A51DDD85CB00E5E4CE /* AppDelegate.m */ = {isa = PBXFileReference; lastKnownFileType = sourcecode.c.objc; path = AppDelegate.m; sourceTree = "<group>"; };
		F10B29A71DDD85CB00E5E4CE /* ViewController.h */ = {isa = PBXFileReference; lastKnownFileType = sourcecode.c.h; path = ViewController.h; sourceTree = "<group>"; };
		F10B29A81DDD85CB00E5E4CE /* ViewController.m */ = {isa = PBXFileReference; lastKnownFileType = sourcecode.c.objc; path = ViewController.m; sourceTree = "<group>"; };
		F10B29AB1DDD85CB00E5E4CE /* Base */ = {isa = PBXFileReference; lastKnownFileType = file.storyboard; name = Base; path = Base.lproj/Main.storyboard; sourceTree = "<group>"; };
		F10B29AD1DDD85CB00E5E4CE /* Assets.xcassets */ = {isa = PBXFileReference; lastKnownFileType = folder.assetcatalog; path = Assets.xcassets; sourceTree = "<group>"; };
		F10B29B01DDD85CB00E5E4CE /* Base */ = {isa = PBXFileReference; lastKnownFileType = file.storyboard; name = Base; path = Base.lproj/LaunchScreen.storyboard; sourceTree = "<group>"; };
		F10B29B21DDD85CB00E5E4CE /* Info.plist */ = {isa = PBXFileReference; lastKnownFileType = text.plist.xml; path = Info.plist; sourceTree = "<group>"; };
		F10B29B71DDD85CB00E5E4CE /* RedPackageTests.xctest */ = {isa = PBXFileReference; explicitFileType = wrapper.cfbundle; includeInIndex = 0; path = RedPackageTests.xctest; sourceTree = BUILT_PRODUCTS_DIR; };
		F10B29BB1DDD85CB00E5E4CE /* RedPackageTests.m */ = {isa = PBXFileReference; lastKnownFileType = sourcecode.c.objc; path = RedPackageTests.m; sourceTree = "<group>"; };
		F10B29BD1DDD85CB00E5E4CE /* Info.plist */ = {isa = PBXFileReference; lastKnownFileType = text.plist.xml; path = Info.plist; sourceTree = "<group>"; };
		F10B29C21DDD85CB00E5E4CE /* RedPackageUITests.xctest */ = {isa = PBXFileReference; explicitFileType = wrapper.cfbundle; includeInIndex = 0; path = RedPackageUITests.xctest; sourceTree = BUILT_PRODUCTS_DIR; };
		F10B29C61DDD85CB00E5E4CE /* RedPackageUITests.m */ = {isa = PBXFileReference; lastKnownFileType = sourcecode.c.objc; path = RedPackageUITests.m; sourceTree = "<group>"; };
		F10B29C81DDD85CB00E5E4CE /* Info.plist */ = {isa = PBXFileReference; lastKnownFileType = text.plist.xml; path = Info.plist; sourceTree = "<group>"; };
		F10B29D51DDD88CF00E5E4CE /* SendRedPackagewController.h */ = {isa = PBXFileReference; fileEncoding = 4; lastKnownFileType = sourcecode.c.h; path = SendRedPackagewController.h; sourceTree = "<group>"; };
		F10B29D61DDD88CF00E5E4CE /* SendRedPackagewController.m */ = {isa = PBXFileReference; fileEncoding = 4; lastKnownFileType = sourcecode.c.objc; path = SendRedPackagewController.m; sourceTree = "<group>"; };
		F129EC551DDEACD700D5E9FF /* OpenRedPacketViewController.h */ = {isa = PBXFileReference; fileEncoding = 4; lastKnownFileType = sourcecode.c.h; path = OpenRedPacketViewController.h; sourceTree = "<group>"; };
		F129EC561DDEACD700D5E9FF /* OpenRedPacketViewController.m */ = {isa = PBXFileReference; fileEncoding = 4; lastKnownFileType = sourcecode.c.objc; path = OpenRedPacketViewController.m; sourceTree = "<group>"; };
		F129EC641DDEB13C00D5E9FF /* LuckyRedPacketViewController.h */ = {isa = PBXFileReference; fileEncoding = 4; lastKnownFileType = sourcecode.c.h; path = LuckyRedPacketViewController.h; sourceTree = "<group>"; };
		F129EC651DDEB13C00D5E9FF /* LuckyRedPacketViewController.m */ = {isa = PBXFileReference; fileEncoding = 4; lastKnownFileType = sourcecode.c.objc; path = LuckyRedPacketViewController.m; sourceTree = "<group>"; };
		F129EC661DDEB13C00D5E9FF /* LuckyRedPacketViewController.xib */ = {isa = PBXFileReference; fileEncoding = 4; lastKnownFileType = file.xib; path = LuckyRedPacketViewController.xib; sourceTree = "<group>"; };
		F129EC671DDEB13C00D5E9FF /* UnluckyRedPacketViewController.h */ = {isa = PBXFileReference; fileEncoding = 4; lastKnownFileType = sourcecode.c.h; path = UnluckyRedPacketViewController.h; sourceTree = "<group>"; };
		F129EC681DDEB13C00D5E9FF /* UnluckyRedPacketViewController.m */ = {isa = PBXFileReference; fileEncoding = 4; lastKnownFileType = sourcecode.c.objc; path = UnluckyRedPacketViewController.m; sourceTree = "<group>"; };
		F129EC691DDEB13C00D5E9FF /* UnluckyRedPacketViewController.xib */ = {isa = PBXFileReference; fileEncoding = 4; lastKnownFileType = file.xib; path = UnluckyRedPacketViewController.xib; sourceTree = "<group>"; };
/* End PBXFileReference section */

/* Begin PBXFrameworksBuildPhase section */
		F10B299B1DDD85CB00E5E4CE /* Frameworks */ = {
			isa = PBXFrameworksBuildPhase;
			buildActionMask = 2147483647;
			files = (
			);
			runOnlyForDeploymentPostprocessing = 0;
		};
		F10B29B41DDD85CB00E5E4CE /* Frameworks */ = {
			isa = PBXFrameworksBuildPhase;
			buildActionMask = 2147483647;
			files = (
			);
			runOnlyForDeploymentPostprocessing = 0;
		};
		F10B29BF1DDD85CB00E5E4CE /* Frameworks */ = {
			isa = PBXFrameworksBuildPhase;
			buildActionMask = 2147483647;
			files = (
			);
			runOnlyForDeploymentPostprocessing = 0;
		};
/* End PBXFrameworksBuildPhase section */

/* Begin PBXGroup section */
		F10B29951DDD85CB00E5E4CE = {
			isa = PBXGroup;
			children = (
				F10B29A01DDD85CB00E5E4CE /* RedPackage */,
				F10B29BA1DDD85CB00E5E4CE /* RedPackageTests */,
				F10B29C51DDD85CB00E5E4CE /* RedPackageUITests */,
				F10B299F1DDD85CB00E5E4CE /* Products */,
			);
			sourceTree = "<group>";
		};
		F10B299F1DDD85CB00E5E4CE /* Products */ = {
			isa = PBXGroup;
			children = (
				F10B299E1DDD85CB00E5E4CE /* RedPackage.app */,
				F10B29B71DDD85CB00E5E4CE /* RedPackageTests.xctest */,
				F10B29C21DDD85CB00E5E4CE /* RedPackageUITests.xctest */,
			);
			name = Products;
			sourceTree = "<group>";
		};
		F10B29A01DDD85CB00E5E4CE /* RedPackage */ = {
			isa = PBXGroup;
			children = (
				F10B29A41DDD85CB00E5E4CE /* AppDelegate.h */,
				F10B29A51DDD85CB00E5E4CE /* AppDelegate.m */,
				F10B29A71DDD85CB00E5E4CE /* ViewController.h */,
				F10B29A81DDD85CB00E5E4CE /* ViewController.m */,
				F10B29D41DDD872600E5E4CE /* RedPackage */,
				F10B29AA1DDD85CB00E5E4CE /* Main.storyboard */,
				F10B29AD1DDD85CB00E5E4CE /* Assets.xcassets */,
				F10B29AF1DDD85CB00E5E4CE /* LaunchScreen.storyboard */,
				F10B29B21DDD85CB00E5E4CE /* Info.plist */,
				F10B29A11DDD85CB00E5E4CE /* Supporting Files */,
			);
			path = RedPackage;
			sourceTree = "<group>";
		};
		F10B29A11DDD85CB00E5E4CE /* Supporting Files */ = {
			isa = PBXGroup;
			children = (
				F10B29A21DDD85CB00E5E4CE /* main.m */,
			);
			name = "Supporting Files";
			sourceTree = "<group>";
		};
		F10B29BA1DDD85CB00E5E4CE /* RedPackageTests */ = {
			isa = PBXGroup;
			children = (
				F10B29BB1DDD85CB00E5E4CE /* RedPackageTests.m */,
				F10B29BD1DDD85CB00E5E4CE /* Info.plist */,
			);
			path = RedPackageTests;
			sourceTree = "<group>";
		};
		F10B29C51DDD85CB00E5E4CE /* RedPackageUITests */ = {
			isa = PBXGroup;
			children = (
				F10B29C61DDD85CB00E5E4CE /* RedPackageUITests.m */,
				F10B29C81DDD85CB00E5E4CE /* Info.plist */,
			);
			path = RedPackageUITests;
			sourceTree = "<group>";
		};
		F10B29D41DDD872600E5E4CE /* RedPackage */ = {
			isa = PBXGroup;
			children = (
				F129EC631DDEB13C00D5E9FF /* ViewControllers */,
				F10B29D51DDD88CF00E5E4CE /* SendRedPackagewController.h */,
				F10B29D61DDD88CF00E5E4CE /* SendRedPackagewController.m */,
				F129EC551DDEACD700D5E9FF /* OpenRedPacketViewController.h */,
				F129EC561DDEACD700D5E9FF /* OpenRedPacketViewController.m */,
			);
			path = RedPackage;
			sourceTree = "<group>";
		};
		F129EC631DDEB13C00D5E9FF /* ViewControllers */ = {
			isa = PBXGroup;
			children = (
				F129EC6E1DDEB19000D5E9FF /* OpenRedPacket */,
				F129EC6F1DDEB1A800D5E9FF /* SendRedPacket */,
			);
			path = ViewControllers;
			sourceTree = "<group>";
		};
		F129EC6E1DDEB19000D5E9FF /* OpenRedPacket */ = {
			isa = PBXGroup;
			children = (
			);
			name = OpenRedPacket;
			sourceTree = "<group>";
		};
		F129EC6F1DDEB1A800D5E9FF /* SendRedPacket */ = {
			isa = PBXGroup;
			children = (
				F129EC641DDEB13C00D5E9FF /* LuckyRedPacketViewController.h */,
				F129EC651DDEB13C00D5E9FF /* LuckyRedPacketViewController.m */,
				F129EC661DDEB13C00D5E9FF /* LuckyRedPacketViewController.xib */,
				F129EC671DDEB13C00D5E9FF /* UnluckyRedPacketViewController.h */,
				F129EC681DDEB13C00D5E9FF /* UnluckyRedPacketViewController.m */,
				F129EC691DDEB13C00D5E9FF /* UnluckyRedPacketViewController.xib */,
			);
			name = SendRedPacket;
			sourceTree = "<group>";
		};
/* End PBXGroup section */

/* Begin PBXNativeTarget section */
		F10B299D1DDD85CB00E5E4CE /* RedPackage */ = {
			isa = PBXNativeTarget;
			buildConfigurationList = F10B29CB1DDD85CB00E5E4CE /* Build configuration list for PBXNativeTarget "RedPackage" */;
			buildPhases = (
				F10B299A1DDD85CB00E5E4CE /* Sources */,
				F10B299B1DDD85CB00E5E4CE /* Frameworks */,
				F10B299C1DDD85CB00E5E4CE /* Resources */,
			);
			buildRules = (
			);
			dependencies = (
			);
			name = RedPackage;
			productName = RedPackage;
			productReference = F10B299E1DDD85CB00E5E4CE /* RedPackage.app */;
			productType = "com.apple.product-type.application";
		};
		F10B29B61DDD85CB00E5E4CE /* RedPackageTests */ = {
			isa = PBXNativeTarget;
			buildConfigurationList = F10B29CE1DDD85CB00E5E4CE /* Build configuration list for PBXNativeTarget "RedPackageTests" */;
			buildPhases = (
				F10B29B31DDD85CB00E5E4CE /* Sources */,
				F10B29B41DDD85CB00E5E4CE /* Frameworks */,
				F10B29B51DDD85CB00E5E4CE /* Resources */,
			);
			buildRules = (
			);
			dependencies = (
				F10B29B91DDD85CB00E5E4CE /* PBXTargetDependency */,
			);
			name = RedPackageTests;
			productName = RedPackageTests;
			productReference = F10B29B71DDD85CB00E5E4CE /* RedPackageTests.xctest */;
			productType = "com.apple.product-type.bundle.unit-test";
		};
		F10B29C11DDD85CB00E5E4CE /* RedPackageUITests */ = {
			isa = PBXNativeTarget;
			buildConfigurationList = F10B29D11DDD85CB00E5E4CE /* Build configuration list for PBXNativeTarget "RedPackageUITests" */;
			buildPhases = (
				F10B29BE1DDD85CB00E5E4CE /* Sources */,
				F10B29BF1DDD85CB00E5E4CE /* Frameworks */,
				F10B29C01DDD85CB00E5E4CE /* Resources */,
			);
			buildRules = (
			);
			dependencies = (
				F10B29C41DDD85CB00E5E4CE /* PBXTargetDependency */,
			);
			name = RedPackageUITests;
			productName = RedPackageUITests;
			productReference = F10B29C21DDD85CB00E5E4CE /* RedPackageUITests.xctest */;
			productType = "com.apple.product-type.bundle.ui-testing";
		};
/* End PBXNativeTarget section */

/* Begin PBXProject section */
		F10B29961DDD85CB00E5E4CE /* Project object */ = {
			isa = PBXProject;
			attributes = {
				LastUpgradeCheck = 0810;
				ORGANIZATIONNAME = "阮巧华";
				TargetAttributes = {
					F10B299D1DDD85CB00E5E4CE = {
						CreatedOnToolsVersion = 8.1;
						ProvisioningStyle = Automatic;
					};
					F10B29B61DDD85CB00E5E4CE = {
						CreatedOnToolsVersion = 8.1;
						ProvisioningStyle = Automatic;
						TestTargetID = F10B299D1DDD85CB00E5E4CE;
					};
					F10B29C11DDD85CB00E5E4CE = {
						CreatedOnToolsVersion = 8.1;
						ProvisioningStyle = Automatic;
						TestTargetID = F10B299D1DDD85CB00E5E4CE;
					};
				};
			};
			buildConfigurationList = F10B29991DDD85CB00E5E4CE /* Build configuration list for PBXProject "RedPackage" */;
			compatibilityVersion = "Xcode 3.2";
			developmentRegion = English;
			hasScannedForEncodings = 0;
			knownRegions = (
				en,
				Base,
			);
			mainGroup = F10B29951DDD85CB00E5E4CE;
			productRefGroup = F10B299F1DDD85CB00E5E4CE /* Products */;
			projectDirPath = "";
			projectRoot = "";
			targets = (
				F10B299D1DDD85CB00E5E4CE /* RedPackage */,
				F10B29B61DDD85CB00E5E4CE /* RedPackageTests */,
				F10B29C11DDD85CB00E5E4CE /* RedPackageUITests */,
			);
		};
/* End PBXProject section */

/* Begin PBXResourcesBuildPhase section */
		F10B299C1DDD85CB00E5E4CE /* Resources */ = {
			isa = PBXResourcesBuildPhase;
			buildActionMask = 2147483647;
			files = (
				F129EC6D1DDEB13C00D5E9FF /* UnluckyRedPacketViewController.xib in Resources */,
				F10B29B11DDD85CB00E5E4CE /* LaunchScreen.storyboard in Resources */,
				F10B29AE1DDD85CB00E5E4CE /* Assets.xcassets in Resources */,
				F129EC6B1DDEB13C00D5E9FF /* LuckyRedPacketViewController.xib in Resources */,
				F10B29AC1DDD85CB00E5E4CE /* Main.storyboard in Resources */,
			);
			runOnlyForDeploymentPostprocessing = 0;
		};
		F10B29B51DDD85CB00E5E4CE /* Resources */ = {
			isa = PBXResourcesBuildPhase;
			buildActionMask = 2147483647;
			files = (
			);
			runOnlyForDeploymentPostprocessing = 0;
		};
		F10B29C01DDD85CB00E5E4CE /* Resources */ = {
			isa = PBXResourcesBuildPhase;
			buildActionMask = 2147483647;
			files = (
			);
			runOnlyForDeploymentPostprocessing = 0;
		};
/* End PBXResourcesBuildPhase section */

/* Begin PBXSourcesBuildPhase section */
		F10B299A1DDD85CB00E5E4CE /* Sources */ = {
			isa = PBXSourcesBuildPhase;
			buildActionMask = 2147483647;
			files = (
				F10B29A91DDD85CB00E5E4CE /* ViewController.m in Sources */,
				F129EC6C1DDEB13C00D5E9FF /* UnluckyRedPacketViewController.m in Sources */,
				F10B29A61DDD85CB00E5E4CE /* AppDelegate.m in Sources */,
				F129EC571DDEACD700D5E9FF /* OpenRedPacketViewController.m in Sources */,
				F129EC6A1DDEB13C00D5E9FF /* LuckyRedPacketViewController.m in Sources */,
				F10B29D81DDD88CF00E5E4CE /* SendRedPackagewController.m in Sources */,
				F10B29A31DDD85CB00E5E4CE /* main.m in Sources */,
			);
			runOnlyForDeploymentPostprocessing = 0;
		};
		F10B29B31DDD85CB00E5E4CE /* Sources */ = {
			isa = PBXSourcesBuildPhase;
			buildActionMask = 2147483647;
			files = (
				F10B29BC1DDD85CB00E5E4CE /* RedPackageTests.m in Sources */,
			);
			runOnlyForDeploymentPostprocessing = 0;
		};
		F10B29BE1DDD85CB00E5E4CE /* Sources */ = {
			isa = PBXSourcesBuildPhase;
			buildActionMask = 2147483647;
			files = (
				F10B29C71DDD85CB00E5E4CE /* RedPackageUITests.m in Sources */,
			);
			runOnlyForDeploymentPostprocessing = 0;
		};
/* End PBXSourcesBuildPhase section */

/* Begin PBXTargetDependency section */
		F10B29B91DDD85CB00E5E4CE /* PBXTargetDependency */ = {
			isa = PBXTargetDependency;
			target = F10B299D1DDD85CB00E5E4CE /* RedPackage */;
			targetProxy = F10B29B81DDD85CB00E5E4CE /* PBXContainerItemProxy */;
		};
		F10B29C41DDD85CB00E5E4CE /* PBXTargetDependency */ = {
			isa = PBXTargetDependency;
			target = F10B299D1DDD85CB00E5E4CE /* RedPackage */;
			targetProxy = F10B29C31DDD85CB00E5E4CE /* PBXContainerItemProxy */;
		};
/* End PBXTargetDependency section */

/* Begin PBXVariantGroup section */
		F10B29AA1DDD85CB00E5E4CE /* Main.storyboard */ = {
			isa = PBXVariantGroup;
			children = (
				F10B29AB1DDD85CB00E5E4CE /* Base */,
			);
			name = Main.storyboard;
			sourceTree = "<group>";
		};
		F10B29AF1DDD85CB00E5E4CE /* LaunchScreen.storyboard */ = {
			isa = PBXVariantGroup;
			children = (
				F10B29B01DDD85CB00E5E4CE /* Base */,
			);
			name = LaunchScreen.storyboard;
			sourceTree = "<group>";
		};
/* End PBXVariantGroup section */

/* Begin XCBuildConfiguration section */
		F10B29C91DDD85CB00E5E4CE /* Debug */ = {
			isa = XCBuildConfiguration;
			buildSettings = {
				ALWAYS_SEARCH_USER_PATHS = NO;
				CLANG_ANALYZER_NONNULL = YES;
				CLANG_CXX_LANGUAGE_STANDARD = "gnu++0x";
				CLANG_CXX_LIBRARY = "libc++";
				CLANG_ENABLE_MODULES = YES;
				CLANG_ENABLE_OBJC_ARC = YES;
				CLANG_WARN_BOOL_CONVERSION = YES;
				CLANG_WARN_CONSTANT_CONVERSION = YES;
				CLANG_WARN_DIRECT_OBJC_ISA_USAGE = YES_ERROR;
				CLANG_WARN_DOCUMENTATION_COMMENTS = YES;
				CLANG_WARN_EMPTY_BODY = YES;
				CLANG_WARN_ENUM_CONVERSION = YES;
				CLANG_WARN_INFINITE_RECURSION = YES;
				CLANG_WARN_INT_CONVERSION = YES;
				CLANG_WARN_OBJC_ROOT_CLASS = YES_ERROR;
				CLANG_WARN_SUSPICIOUS_MOVES = YES;
				CLANG_WARN_UNREACHABLE_CODE = YES;
				CLANG_WARN__DUPLICATE_METHOD_MATCH = YES;
				"CODE_SIGN_IDENTITY[sdk=iphoneos*]" = "iPhone Developer";
				COPY_PHASE_STRIP = NO;
				DEBUG_INFORMATION_FORMAT = dwarf;
				ENABLE_STRICT_OBJC_MSGSEND = YES;
				ENABLE_TESTABILITY = YES;
				GCC_C_LANGUAGE_STANDARD = gnu99;
				GCC_DYNAMIC_NO_PIC = NO;
				GCC_NO_COMMON_BLOCKS = YES;
				GCC_OPTIMIZATION_LEVEL = 0;
				GCC_PREPROCESSOR_DEFINITIONS = (
					"DEBUG=1",
					"$(inherited)",
				);
				GCC_WARN_64_TO_32_BIT_CONVERSION = YES;
				GCC_WARN_ABOUT_RETURN_TYPE = YES_ERROR;
				GCC_WARN_UNDECLARED_SELECTOR = YES;
				GCC_WARN_UNINITIALIZED_AUTOS = YES_AGGRESSIVE;
				GCC_WARN_UNUSED_FUNCTION = YES;
				GCC_WARN_UNUSED_VARIABLE = YES;
				IPHONEOS_DEPLOYMENT_TARGET = 10.1;
				MTL_ENABLE_DEBUG_INFO = YES;
				ONLY_ACTIVE_ARCH = YES;
				SDKROOT = iphoneos;
				TARGETED_DEVICE_FAMILY = "1,2";
			};
			name = Debug;
		};
		F10B29CA1DDD85CB00E5E4CE /* Release */ = {
			isa = XCBuildConfiguration;
			buildSettings = {
				ALWAYS_SEARCH_USER_PATHS = NO;
				CLANG_ANALYZER_NONNULL = YES;
				CLANG_CXX_LANGUAGE_STANDARD = "gnu++0x";
				CLANG_CXX_LIBRARY = "libc++";
				CLANG_ENABLE_MODULES = YES;
				CLANG_ENABLE_OBJC_ARC = YES;
				CLANG_WARN_BOOL_CONVERSION = YES;
				CLANG_WARN_CONSTANT_CONVERSION = YES;
				CLANG_WARN_DIRECT_OBJC_ISA_USAGE = YES_ERROR;
				CLANG_WARN_DOCUMENTATION_COMMENTS = YES;
				CLANG_WARN_EMPTY_BODY = YES;
				CLANG_WARN_ENUM_CONVERSION = YES;
				CLANG_WARN_INFINITE_RECURSION = YES;
				CLANG_WARN_INT_CONVERSION = YES;
				CLANG_WARN_OBJC_ROOT_CLASS = YES_ERROR;
				CLANG_WARN_SUSPICIOUS_MOVES = YES;
				CLANG_WARN_UNREACHABLE_CODE = YES;
				CLANG_WARN__DUPLICATE_METHOD_MATCH = YES;
				"CODE_SIGN_IDENTITY[sdk=iphoneos*]" = "iPhone Developer";
				COPY_PHASE_STRIP = NO;
				DEBUG_INFORMATION_FORMAT = "dwarf-with-dsym";
				ENABLE_NS_ASSERTIONS = NO;
				ENABLE_STRICT_OBJC_MSGSEND = YES;
				GCC_C_LANGUAGE_STANDARD = gnu99;
				GCC_NO_COMMON_BLOCKS = YES;
				GCC_WARN_64_TO_32_BIT_CONVERSION = YES;
				GCC_WARN_ABOUT_RETURN_TYPE = YES_ERROR;
				GCC_WARN_UNDECLARED_SELECTOR = YES;
				GCC_WARN_UNINITIALIZED_AUTOS = YES_AGGRESSIVE;
				GCC_WARN_UNUSED_FUNCTION = YES;
				GCC_WARN_UNUSED_VARIABLE = YES;
				IPHONEOS_DEPLOYMENT_TARGET = 10.1;
				MTL_ENABLE_DEBUG_INFO = NO;
				SDKROOT = iphoneos;
				TARGETED_DEVICE_FAMILY = "1,2";
				VALIDATE_PRODUCT = YES;
			};
			name = Release;
		};
		F10B29CC1DDD85CB00E5E4CE /* Debug */ = {
			isa = XCBuildConfiguration;
			buildSettings = {
				ASSETCATALOG_COMPILER_APPICON_NAME = AppIcon;
				INFOPLIST_FILE = RedPackage/Info.plist;
				LD_RUNPATH_SEARCH_PATHS = "$(inherited) @executable_path/Frameworks";
				PRODUCT_BUNDLE_IDENTIFIER = com.ruanqiaohua.RedPackage;
				PRODUCT_NAME = "$(TARGET_NAME)";
			};
			name = Debug;
		};
		F10B29CD1DDD85CB00E5E4CE /* Release */ = {
			isa = XCBuildConfiguration;
			buildSettings = {
				ASSETCATALOG_COMPILER_APPICON_NAME = AppIcon;
				INFOPLIST_FILE = RedPackage/Info.plist;
				LD_RUNPATH_SEARCH_PATHS = "$(inherited) @executable_path/Frameworks";
				PRODUCT_BUNDLE_IDENTIFIER = com.ruanqiaohua.RedPackage;
				PRODUCT_NAME = "$(TARGET_NAME)";
			};
			name = Release;
		};
		F10B29CF1DDD85CB00E5E4CE /* Debug */ = {
			isa = XCBuildConfiguration;
			buildSettings = {
				BUNDLE_LOADER = "$(TEST_HOST)";
				INFOPLIST_FILE = RedPackageTests/Info.plist;
				LD_RUNPATH_SEARCH_PATHS = "$(inherited) @executable_path/Frameworks @loader_path/Frameworks";
				PRODUCT_BUNDLE_IDENTIFIER = com.ruanqiaohua.RedPackageTests;
				PRODUCT_NAME = "$(TARGET_NAME)";
				TEST_HOST = "$(BUILT_PRODUCTS_DIR)/RedPackage.app/RedPackage";
			};
			name = Debug;
		};
		F10B29D01DDD85CB00E5E4CE /* Release */ = {
			isa = XCBuildConfiguration;
			buildSettings = {
				BUNDLE_LOADER = "$(TEST_HOST)";
				INFOPLIST_FILE = RedPackageTests/Info.plist;
				LD_RUNPATH_SEARCH_PATHS = "$(inherited) @executable_path/Frameworks @loader_path/Frameworks";
				PRODUCT_BUNDLE_IDENTIFIER = com.ruanqiaohua.RedPackageTests;
				PRODUCT_NAME = "$(TARGET_NAME)";
				TEST_HOST = "$(BUILT_PRODUCTS_DIR)/RedPackage.app/RedPackage";
			};
			name = Release;
		};
		F10B29D21DDD85CB00E5E4CE /* Debug */ = {
			isa = XCBuildConfiguration;
			buildSettings = {
				INFOPLIST_FILE = RedPackageUITests/Info.plist;
				LD_RUNPATH_SEARCH_PATHS = "$(inherited) @executable_path/Frameworks @loader_path/Frameworks";
				PRODUCT_BUNDLE_IDENTIFIER = com.ruanqiaohua.RedPackageUITests;
				PRODUCT_NAME = "$(TARGET_NAME)";
				TEST_TARGET_NAME = RedPackage;
			};
			name = Debug;
		};
		F10B29D31DDD85CB00E5E4CE /* Release */ = {
			isa = XCBuildConfiguration;
			buildSettings = {
				INFOPLIST_FILE = RedPackageUITests/Info.plist;
				LD_RUNPATH_SEARCH_PATHS = "$(inherited) @executable_path/Frameworks @loader_path/Frameworks";
				PRODUCT_BUNDLE_IDENTIFIER = com.ruanqiaohua.RedPackageUITests;
				PRODUCT_NAME = "$(TARGET_NAME)";
				TEST_TARGET_NAME = RedPackage;
			};
			name = Release;
		};
/* End XCBuildConfiguration section */

/* Begin XCConfigurationList section */
		F10B29991DDD85CB00E5E4CE /* Build configuration list for PBXProject "RedPackage" */ = {
			isa = XCConfigurationList;
			buildConfigurations = (
				F10B29C91DDD85CB00E5E4CE /* Debug */,
				F10B29CA1DDD85CB00E5E4CE /* Release */,
			);
			defaultConfigurationIsVisible = 0;
			defaultConfigurationName = Release;
		};
		F10B29CB1DDD85CB00E5E4CE /* Build configuration list for PBXNativeTarget "RedPackage" */ = {
			isa = XCConfigurationList;
			buildConfigurations = (
				F10B29CC1DDD85CB00E5E4CE /* Debug */,
				F10B29CD1DDD85CB00E5E4CE /* Release */,
			);
			defaultConfigurationIsVisible = 0;
			defaultConfigurationName = Release;
		};
		F10B29CE1DDD85CB00E5E4CE /* Build configuration list for PBXNativeTarget "RedPackageTests" */ = {
			isa = XCConfigurationList;
			buildConfigurations = (
				F10B29CF1DDD85CB00E5E4CE /* Debug */,
				F10B29D01DDD85CB00E5E4CE /* Release */,
			);
			defaultConfigurationIsVisible = 0;
			defaultConfigurationName = Release;
		};
		F10B29D11DDD85CB00E5E4CE /* Build configuration list for PBXNativeTarget "RedPackageUITests" */ = {
			isa = XCConfigurationList;
			buildConfigurations = (
				F10B29D21DDD85CB00E5E4CE /* Debug */,
				F10B29D31DDD85CB00E5E4CE /* Release */,
			);
			defaultConfigurationIsVisible = 0;
			defaultConfigurationName = Release;
		};
/* End XCConfigurationList section */
	};
	rootObject = F10B29961DDD85CB00E5E4CE /* Project object */;
}
